{
  "name": "muniment-cef-browser-prototype",
  "lockfileVersion": 3,
  "requires": true,
  "packages": {
    "": {
      "name": "muniment-cef-browser-prototype",
      "devDependencies": {
        "@tauri-apps/cli": "3.0.0-alpha.1"
      }
    },
    "node_modules/@tauri-apps/cli": {
      "version": "3.0.0-alpha.1",
      "resolved": "https://registry.npmjs.org/@tauri-apps/cli/-/cli-3.0.0-alpha.1.tgz",
      "integrity": "sha512-7KSBFGBZk07THOp18HtMIntgxyYQNMDNcm0EEcmRmGTdcUS7X0BkrWDxtw8PRDMA9RZ1oYZKcjJjFyA8Lwr6dw==",
      "dev": true,
      "license": "Apache-2.0 OR MIT",
      "bin": {
        "tauri": "tauri.js"
      },
      "engines": {
        "node": ">= 10"
      },
      "funding": {
        "type": "opencollective",
        "url": "https://opencollective.com/tauri"
      },
      "optionalDependencies": {
        "@tauri-apps/cli-darwin-arm64": "3.0.0-alpha.1",
        "@tauri-apps/cli-darwin-x64": "3.0.0-alpha.1",
        "@tauri-apps/cli-linux-arm-gnueabihf": "3.0.0-alpha.1",
        "@tauri-apps/cli-linux-arm64-gnu": "3.0.0-alpha.1",
        "@tauri-apps/cli-linux-arm64-musl": "3.0.0-alpha.1",
        "@tauri-apps/cli-linux-riscv64-gnu": "3.0.0-alpha.1",
        "@tauri-apps/cli-linux-x64-gnu": "3.0.0-alpha.1",
        "@tauri-apps/cli-linux-x64-musl": "3.0.0-alpha.1",
        "@tauri-apps/cli-win32-arm64-msvc": "3.0.0-alpha.1",
        "@tauri-apps/cli-win32-ia32-msvc": "3.0.0-alpha.1",
        "@tauri-apps/cli-win32-x64-msvc": "3.0.0-alpha.1"
      }
    },
    "node_modules/@tauri-apps/cli-darwin-arm64": {
      "version": "3.0.0-alpha.1",
      "resolved": "https://registry.npmjs.org/@tauri-apps/cli-darwin-arm64/-/cli-darwin-arm64-3.0.0-alpha.1.tgz",
      "integrity": "sha512-63uxPcMKNtRScNi1QqkqIabwBH1T7gIU2TmbUphrSLfHjGlBuT83InpIql96pfNBJk95w/aV4krZhT9hmL78tA==",
      "cpu": [
        "arm64"
      ],
      "dev": true,
      "license": "Apache-2.0 OR MIT",
      "optional": true,
      "os": [
        "darwin"
      ],
      "engines": {
        "node": ">= 10"
      }
    },
    "node_modules/@tauri-apps/cli-darwin-x64": {
      "version": "3.0.0-alpha.1",
      "resolved": "https://registry.npmjs.org/@tauri-apps/cli-darwin-x64/-/cli-darwin-x64-3.0.0-alpha.1.tgz",
      "integrity": "sha512-eSBLEBJgwHZDLCsdR2fsDoEztd48mnM8U64rSlZCqULOr3sIRtXVPdoHGBoUoU4C84j+utGumXa+frIxbq7Log==",
      "cpu": [
        "x64"
      ],
      "dev": true,
      "license": "Apache-2.0 OR MIT",
      "optional": true,
      "os": [
        "darwin"
      ],
      "engines": {
        "node": ">= 10"
      }
    },
    "node_modules/@tauri-apps/cli-linux-arm-gnueabihf": {
      "version": "3.0.0-alpha.1",
      "resolved": "https://registry.npmjs.org/@tauri-apps/cli-linux-arm-gnueabihf/-/cli-linux-arm-gnueabihf-3.0.0-alpha.1.tgz",
      "integrity": "sha512-6peZspFoNmfoqzBKCiziOsntq2Dy5WI0RLXCdffqCrsC/CplIQB1xmldmOeI8xzuTjRCUqxEO2Vurv7HVluZhA==",
      "cpu": [
        "arm"
      ],
      "dev": true,
      "license": "Apache-2.0 OR MIT",
      "optional": true,
      "os": [
        "linux"
      ],
      "engines": {
        "node": ">= 10"
      }
    },
    "node_modules/@tauri-apps/cli-linux-arm64-gnu": {
      "version": "3.0.0-alpha.1",
      "resolved": "https://registry.npmjs.org/@tauri-apps/cli-linux-arm64-gnu/-/cli-linux-arm64-gnu-3.0.0-alpha.1.tgz",
      "integrity": "sha512-gp3CJqdmqPE1IEkH6sbFDI6yYhxqGn8OuHU6jkA7jAVdxJGdeGuQZE9c7XrEq8uFNNfjz6bOI3djfVOvqzgAvw==",
      "cpu": [
        "arm64"
      ],
      "dev": true,
      "libc": [
        "glibc"
      ],
      "license": "Apache-2.0 OR MIT",
      "optional": true,
      "os": [
        "linux"
      ],
      "engines": {
        "node": ">= 10"
      }
    },
    "node_modules/@tauri-apps/cli-linux-arm64-musl": {
      "version": "3.0.0-alpha.1",
      "resolved": "https://registry.npmjs.org/@tauri-apps/cli-linux-arm64-musl/-/cli-linux-arm64-musl-3.0.0-alpha.1.tgz",
      "integrity": "sha512-t6lhy7kvBp5VKGoob0X8MBMAS/ah1NE3s0N9kwhMw06gAFMBvDVnq/het3CkZkbQm+uoUbDnWagZ+7buGkI6XQ==",
      "cpu": [
        "arm64"
      ],
      "dev": true,
      "libc": [
        "musl"
      ],
      "license": "Apache-2.0 OR MIT",
      "optional": true,
      "os": [
        "linux"
      ],
      "engines": {
        "node": ">= 10"
      }
    },
    "node_modules/@tauri-apps/cli-linux-riscv64-gnu": {
      "version": "3.0.0-alpha.1",
      "resolved": "https://registry.npmjs.org/@tauri-apps/cli-linux-riscv64-gnu/-/cli-linux-riscv64-gnu-3.0.0-alpha.1.tgz",
      "integrity": "sha512-SHjvrK8DZ+FdIgLaisMgTVtDKCoR3m4639FgO/EeJcMM73LipUqgKIpkxxutqMyLoPJ6gxIQ6HHjNvNqUCmN3w==",
      "cpu": [
        "riscv64"
      ],
      "dev": true,
      "libc": [
        "glibc"
      ],
      "license": "Apache-2.0 OR MIT",
      "optional": true,
      "os": [
        "linux"
      ],
      "engines": {
        "node": ">= 10"
      }
    },
    "node_modules/@tauri-apps/cli-linux-x64-gnu": {
      "version": "3.0.0-alpha.1",
      "resolved": "https://registry.npmjs.org/@tauri-apps/cli-linux-x64-gnu/-/cli-linux-x64-gnu-3.0.0-alpha.1.tgz",
      "integrity": "sha512-0nwRa3cD//pAIRm3xwA3+N9zI01WnRBVOGHN4dpnWoZZDwwbsvCHwzyl34FsJv5wwcvGLlzbjMART55IPpTdlQ==",
      "cpu": [
        "x64"
      ],
      "dev": true,
      "libc": [
        "glibc"
      ],
      "license": "Apache-2.0 OR MIT",
      "optional": true,
      "os": [
        "linux"
      ],
      "engines": {
        "node": ">= 10"
      }
    },
    "node_modules/@tauri-apps/cli-linux-x64-musl": {
      "version": "3.0.0-alpha.1",
      "resolved": "https://registry.npmjs.org/@tauri-apps/cli-linux-x64-musl/-/cli-linux-x64-musl-3.0.0-alpha.1.tgz",
      "integrity": "sha512-8ljY9JY6iGhGEAm7YWfQTa5If88to4Tpk8HHtIo6bay3+IJW1XanAmykLQdHoBRxMJyuAeE7uk2Gmfu7plQifg==",
      "cpu": [
        "x64"
      ],
      "dev": true,
      "libc": [
        "musl"
      ],
      "license": "Apache-2.0 OR MIT",
      "optional": true,
      "os": [
        "linux"
      ],
      "engines": {
        "node": ">= 10"
      }
    },
    "node_modules/@tauri-apps/cli-win32-arm64-msvc": {
      "version": "3.0.0-alpha.1",
      "resolved": "https://registry.npmjs.org/@tauri-apps/cli-win32-arm64-msvc/-/cli-win32-arm64-msvc-3.0.0-alpha.1.tgz",
      "integrity": "sha512-1L79hm8E6NhauTjl3WXkptZ1K8mfkgs3nB38YopgvThZI6ncVJ1NOMcaJfdxOzCkuliDAl1PSUkQnljNTNsmww==",
      "cpu": [
        "arm64"
      ],
      "dev": true,
      "license": "Apache-2.0 OR MIT",
      "optional": true,
      "os": [
        "win32"
      ],
      "engines": {
        "node": ">= 10"
      }
    },
    "node_modules/@tauri-apps/cli-win32-ia32-msvc": {
      "version": "3.0.0-alpha.1",
      "resolved": "https://registry.npmjs.org/@tauri-apps/cli-win32-ia32-msvc/-/cli-win32-ia32-msvc-3.0.0-alpha.1.tgz",
      "integrity": "sha512-YKhX4NS2xKyDduznVVhkiNVitwBVTe8erheiHrYzWVsSuHCQVyiQAajfuAaufdeCIv0cTFo6siCWmBu1YcFUcg==",
      "cpu": [
        "ia32"
      ],
      "dev": true,
      "license": "Apache-2.0 OR MIT",
      "optional": true,
      "os": [
        "win32"
      ],
      "engines": {
        "node": ">= 10"
      }
    },
    "node_modules/@tauri-apps/cli-win32-x64-msvc": {
      "version": "3.0.0-alpha.1",
      "resolved": "https://registry.npmjs.org/@tauri-apps/cli-win32-x64-msvc/-/cli-win32-x64-msvc-3.0.0-alpha.1.tgz",
      "integrity": "sha512-/Bth9cwQOGgcoST8SJ5obTCYpVqqVYoRqo5RBUvbsIHRCbui1zL+giQDWdXDhCJEEXkGmSMiIxWTmg+v0Wp4uA==",
      "cpu": [
        "x64"
      ],
      "dev": true,
      "license": "Apache-2.0 OR MIT",
      "optional": true,
      "os": [
        "win32"
      ],
      "engines": {
        "node": ">= 10"
      }
    }
  }
}
